
Microsoft Visual Studio Solution File, Format Version 12.00
# Visual Studio Version 17
VisualStudioVersion = 17.10.35027.167
MinimumVisualStudioVersion = 10.0.40219.1
Project("{FAE04EC0-301F-11D3-BF4B-00C04F79EFBC}") = "pentas", "pentas\pentas.csproj", "{105571B4-52F0-4D96-B127-A86FC79A9F47}"
EndProject
Global
	GlobalSection(SolutionConfigurationPlatforms) = preSolution
		Debug|Any CPU = Debug|Any CPU
		Release|Any CPU = Release|Any CPU
	EndGlobalSection
	GlobalSection(ProjectConfigurationPlatforms) = postSolution
		{105571B4-52F0-4D96-B127-A86FC79A9F47}.Debug|Any CPU.ActiveCfg = Debug|Any CPU
		{105571B4-52F0-4D96-B127-A86FC79A9F47}.Debug|Any CPU.Build.0 = Debug|Any CPU
		{105571B4-52F0-4D96-B127-A86FC79A9F47}.Release|Any CPU.ActiveCfg = Release|Any CPU
		{105571B4-52F0-4D96-B127-A86FC79A9F47}.Release|Any CPU.Build.0 = Release|Any CPU
	EndGlobalSection
	GlobalSection(SolutionProperties) = preSolution
		HideSolutionNode = FALSE
	EndGlobalSection
	GlobalSection(ExtensibilityGlobals) = postSolution
		SolutionGuid = {FC7A49E2-F9AD-4542-9E71-1D3A96DAC99D}
	EndGlobalSection
EndGlobal
